
Microsoft Visual Studio Solution File, Format Version 12.00
# Visual Studio 14
VisualStudioVersion = 14.0.25420.1
MinimumVisualStudioVersion = 10.0.40219.1
Project("{FAE04EC0-301F-11D3-BF4B-00C04F79EFBC}") = "MeelanLanguage.Tests", "MeelanLanguage.Tests\MeelanLanguage.Tests.csproj", "{33ED3764-C03B-4346-8C02-0F2D518B05DA}"
EndProject
Project("{FAE04EC0-301F-11D3-BF4B-00C04F79EFBC}") = "MeelanLanguage.App", "MeelanLanguage.App\MeelanLanguage.App.csproj", "{B6C54C06-7B15-4DDA-8F65-24125457421A}"
EndProject
Project("{FAE04EC0-301F-11D3-BF4B-00C04F79EFBC}") = "MeelanLanguage.Core", "MeelanLanguage.Core\MeelanLanguage.Core.csproj", "{A6562253-58AE-4D9E-BAF3-624F989024D3}"
EndProject
Global
	GlobalSection(SolutionConfigurationPlatforms) = preSolution
		Debug|Any CPU = Debug|Any CPU
		Release|Any CPU = Release|Any CPU
	EndGlobalSection
	GlobalSection(ProjectConfigurationPlatforms) = postSolution
		{33ED3764-C03B-4346-8C02-0F2D518B05DA}.Debug|Any CPU.ActiveCfg = Debug|Any CPU
		{33ED3764-C03B-4346-8C02-0F2D518B05DA}.Debug|Any CPU.Build.0 = Debug|Any CPU
		{33ED3764-C03B-4346-8C02-0F2D518B05DA}.Release|Any CPU.ActiveCfg = Release|Any CPU
		{33ED3764-C03B-4346-8C02-0F2D518B05DA}.Release|Any CPU.Build.0 = Release|Any CPU
		{B6C54C06-7B15-4DDA-8F65-24125457421A}.Debug|Any CPU.ActiveCfg = Debug|Any CPU
		{B6C54C06-7B15-4DDA-8F65-24125457421A}.Debug|Any CPU.Build.0 = Debug|Any CPU
		{B6C54C06-7B15-4DDA-8F65-24125457421A}.Release|Any CPU.ActiveCfg = Release|Any CPU
		{B6C54C06-7B15-4DDA-8F65-24125457421A}.Release|Any CPU.Build.0 = Release|Any CPU
		{A6562253-58AE-4D9E-BAF3-624F989024D3}.Debug|Any CPU.ActiveCfg = Debug|Any CPU
		{A6562253-58AE-4D9E-BAF3-624F989024D3}.Debug|Any CPU.Build.0 = Debug|Any CPU
		{A6562253-58AE-4D9E-BAF3-624F989024D3}.Release|Any CPU.ActiveCfg = Release|Any CPU
		{A6562253-58AE-4D9E-BAF3-624F989024D3}.Release|Any CPU.Build.0 = Release|Any CPU
	EndGlobalSection
	GlobalSection(SolutionProperties) = preSolution
		HideSolutionNode = FALSE
	EndGlobalSection
EndGlobal
